
Microsoft Visual Studio Solution File, Format Version 12.00
# Visual Studio 2012
Project("{FAE04EC0-301F-11D3-BF4B-00C04F79EFBC}") = "WebController", "WebController\WebController.csproj", "{67CEE550-5483-42E8-B4F7-B16F2C145C99}"
EndProject
Global
	GlobalSection(SolutionConfigurationPlatforms) = preSolution
		Debug|Any CPU = Debug|Any CPU
		Release|Any CPU = Release|Any CPU
	EndGlobalSection
	GlobalSection(ProjectConfigurationPlatforms) = postSolution
		{67CEE550-5483-42E8-B4F7-B16F2C145C99}.Debug|Any CPU.ActiveCfg = Debug|Any CPU
		{67CEE550-5483-42E8-B4F7-B16F2C145C99}.Debug|Any CPU.Build.0 = Debug|Any CPU
		{67CEE550-5483-42E8-B4F7-B16F2C145C99}.Release|Any CPU.ActiveCfg = Release|Any CPU
		{67CEE550-5483-42E8-B4F7-B16F2C145C99}.Release|Any CPU.Build.0 = Release|Any CPU
	EndGlobalSection
	GlobalSection(SolutionProperties) = preSolution
		HideSolutionNode = FALSE
	EndGlobalSection
EndGlobal
